
Microsoft Visual Studio Solution File, Format Version 12.00
# Visual Studio Version 17
VisualStudioVersion = 17.10.35027.167
MinimumVisualStudioVersion = 10.0.40219.1
Project("{FAE04EC0-301F-11D3-BF4B-00C04F79EFBC}") = "TriviaGame.UI", "TriviaGame.UI\TriviaGame.UI.csproj", "{D819E96B-9BDB-468F-9905-45DD94B864D4}"
EndProject
Project("{FAE04EC0-301F-11D3-BF4B-00C04F79EFBC}") = "TriviaGame.Business", "TriviaGame.Business\TriviaGame.Business.csproj", "{A5CE90CD-0415-4B44-93E7-11CF124DF405}"
EndProject
Project("{FAE04EC0-301F-11D3-BF4B-00C04F79EFBC}") = "TriviaGame.Models", "TriviaGame.Models\TriviaGame.Models.csproj", "{6F51C467-C585-4AD0-B1A3-DAC46E1896A1}"
EndProject
Global
	GlobalSection(SolutionConfigurationPlatforms) = preSolution
		Debug|Any CPU = Debug|Any CPU
		Release|Any CPU = Release|Any CPU
	EndGlobalSection
	GlobalSection(ProjectConfigurationPlatforms) = postSolution
		{D819E96B-9BDB-468F-9905-45DD94B864D4}.Debug|Any CPU.ActiveCfg = Debug|Any CPU
		{D819E96B-9BDB-468F-9905-45DD94B864D4}.Debug|Any CPU.Build.0 = Debug|Any CPU
		{D819E96B-9BDB-468F-9905-45DD94B864D4}.Release|Any CPU.ActiveCfg = Release|Any CPU
		{D819E96B-9BDB-468F-9905-45DD94B864D4}.Release|Any CPU.Build.0 = Release|Any CPU
		{A5CE90CD-0415-4B44-93E7-11CF124DF405}.Debug|Any CPU.ActiveCfg = Debug|Any CPU
		{A5CE90CD-0415-4B44-93E7-11CF124DF405}.Debug|Any CPU.Build.0 = Debug|Any CPU
		{A5CE90CD-0415-4B44-93E7-11CF124DF405}.Release|Any CPU.ActiveCfg = Release|Any CPU
		{A5CE90CD-0415-4B44-93E7-11CF124DF405}.Release|Any CPU.Build.0 = Release|Any CPU
		{6F51C467-C585-4AD0-B1A3-DAC46E1896A1}.Debug|Any CPU.ActiveCfg = Debug|Any CPU
		{6F51C467-C585-4AD0-B1A3-DAC46E1896A1}.Debug|Any CPU.Build.0 = Debug|Any CPU
		{6F51C467-C585-4AD0-B1A3-DAC46E1896A1}.Release|Any CPU.ActiveCfg = Release|Any CPU
		{6F51C467-C585-4AD0-B1A3-DAC46E1896A1}.Release|Any CPU.Build.0 = Release|Any CPU
	EndGlobalSection
	GlobalSection(SolutionProperties) = preSolution
		HideSolutionNode = FALSE
	EndGlobalSection
	GlobalSection(ExtensibilityGlobals) = postSolution
		SolutionGuid = {2505796B-242A-4E6B-ACB2-7F3730A9ACBD}
	EndGlobalSection
EndGlobal
